{
  "name": "opraas_server",
  "version": "1.0.0",
  "lockfileVersion": 3,
  "requires": true,
  "packages": {
    "": {
      "name": "opraas_server",
      "version": "1.0.0",
      "license": "ISC",
      "dependencies": {
        "sst": "3.4.30"
      },
      "devDependencies": {
        "@types/aws-lambda": "8.10.146"
      }
    },
    "node_modules/@types/aws-lambda": {
      "version": "8.10.146",
      "resolved": "https://registry.npmjs.org/@types/aws-lambda/-/aws-lambda-8.10.146.tgz",
      "integrity": "sha512-3BaDXYTh0e6UCJYL/jwV/3+GRslSc08toAiZSmleYtkAUyV5rtvdPYxrG/88uqvTuT6sb27WE9OS90ZNTIuQ0g==",
      "dev": true
    },
    "node_modules/aws4fetch": {
      "version": "1.0.20",
      "resolved": "https://registry.npmjs.org/aws4fetch/-/aws4fetch-1.0.20.tgz",
      "integrity": "sha512-/djoAN709iY65ETD6LKCtyyEI04XIBP5xVvfmNxsEP0uJB5tyaGBztSryRr4HqMStr9R06PisQE7m9zDTXKu6g=="
    },
    "node_modules/jose": {
      "version": "5.2.3",
      "resolved": "https://registry.npmjs.org/jose/-/jose-5.2.3.tgz",
      "integrity": "sha512-KUXdbctm1uHVL8BYhnyHkgp3zDX5KW8ZhAKVFEfUbU2P8Alpzjb+48hHvjOdQIyPshoblhzsuqOwEEAbtHVirA==",
      "funding": {
        "url": "https://github.com/sponsors/panva"
      }
    },
    "node_modules/openid-client": {
      "version": "5.6.4",
      "resolved": "https://registry.npmjs.org/openid-client/-/openid-client-5.6.4.tgz",
      "integrity": "sha512-T1h3B10BRPKfcObdBklX639tVz+xh34O7GjofqrqiAQdm7eHsQ00ih18x6wuJ/E6FxdtS2u3FmUGPDeEcMwzNA==",
      "dependencies": {
        "jose": "^4.15.4",
        "lru-cache": "^6.0.0",
        "object-hash": "^2.2.0",
        "oidc-token-hash": "^5.0.3"
      },
      "funding": {
        "url": "https://github.com/sponsors/panva"
      }
    },
    "node_modules/openid-client/node_modules/jose": {
      "version": "4.15.9",
      "resolved": "https://registry.npmjs.org/jose/-/jose-4.15.9.tgz",
      "integrity": "sha512-1vUQX+IdDMVPj4k8kOxgUqlcK518yluMuGZwqlr44FS1ppZB/5GWh4rZG89erpOBOJjU/OBsnCVFfapsRz6nEA==",
      "funding": {
        "url": "https://github.com/sponsors/panva"
      }
    },
    "node_modules/openid-client/node_modules/lru-cache": {
      "version": "6.0.0",
      "resolved": "https://registry.npmjs.org/lru-cache/-/lru-cache-6.0.0.tgz",
      "integrity": "sha512-Jo6dJ04CmSjuznwJSS3pUeWmd/H0ffTlkXXgwZi+eq1UCmqQwCh+eLsYOYCwY991i2Fah4h1BEMCx4qThGbsiA==",
      "dependencies": {
        "yallist": "^4.0.0"
      },
      "engines": {
        "node": ">=10"
      }
    },
    "node_modules/openid-client/node_modules/object-hash": {
      "version": "2.2.0",
      "resolved": "https://registry.npmjs.org/object-hash/-/object-hash-2.2.0.tgz",
      "integrity": "sha512-gScRMn0bS5fH+IuwyIFgnh9zBdo4DV+6GhygmWM9HyNJSgS0hScp1f5vjtm7oIIOiT9trXrShAkLFSc2IqKNgw==",
      "engines": {
        "node": ">= 6"
      }
    },
    "node_modules/openid-client/node_modules/oidc-token-hash": {
      "version": "5.0.3",
      "resolved": "https://registry.npmjs.org/oidc-token-hash/-/oidc-token-hash-5.0.3.tgz",
      "integrity": "sha512-IF4PcGgzAr6XXSff26Sk/+P4KZFJVuHAJZj3wgO3vX2bMdNVp/QXTP3P7CEm9V1IdG8lDLY3HhiqpsE/nOwpPw==",
      "engines": {
        "node": "^10.13.0 || >=12.0.0"
      }
    },
    "node_modules/openid-client/node_modules/yallist": {
      "version": "4.0.0",
      "resolved": "https://registry.npmjs.org/yallist/-/yallist-4.0.0.tgz",
      "integrity": "sha512-3wdGidZyq5PB084XLES5TpOSRA3wjXAlIWMhum2kRcv/41Sn2emQ0dycQW4uZXLejwKvg6EsvbdlVL+FYEct7A=="
    },
    "node_modules/sst": {
      "version": "3.4.30",
      "resolved": "https://registry.npmjs.org/sst/-/sst-3.4.30.tgz",
      "integrity": "sha512-ibmJZw58BF+Fji58oaZLLs5QxWUJ0B3/fn0QIKRgjstcdqLLAqUNICUjPzyD2OStafFxlaM86zaVg7BoN9WOgg==",
      "dependencies": {
        "aws4fetch": "^1.0.18",
        "jose": "5.2.3",
        "openid-client": "5.6.4"
      },
      "bin": {
        "sst": "bin/sst.mjs"
      },
      "optionalDependencies": {
        "sst-darwin-arm64": "3.4.30",
        "sst-darwin-x64": "3.4.30",
        "sst-linux-arm64": "3.4.30",
        "sst-linux-x64": "3.4.30",
        "sst-linux-x86": "3.4.30"
      },
      "peerDependencies": {
        "hono": "4.x",
        "valibot": "0.30.x"
      },
      "peerDependenciesMeta": {
        "hono": {
          "optional": true
        },
        "valibot": {
          "optional": true
        }
      }
    },
    "node_modules/sst-darwin-arm64": {
      "version": "3.4.30",
      "resolved": "https://registry.npmjs.org/sst-darwin-arm64/-/sst-darwin-arm64-3.4.30.tgz",
      "integrity": "sha512-y1DBcTwPOX2S3zIIHkv+ugWeI/+u/4Yt5mnX0pr1/we/wGpDFOUum0wREG7F802MGbKhgh0cWgFnm0qFwayHUg==",
      "cpu": [
        "arm64"
      ],
      "optional": true,
      "os": [
        "darwin"
      ]
    },
    "node_modules/sst-darwin-x64": {
      "version": "3.4.30",
      "resolved": "https://registry.npmjs.org/sst-darwin-x64/-/sst-darwin-x64-3.4.30.tgz",
      "integrity": "sha512-bAj6Zu5Fhnj4A9VVkXY8H5SvF9m2P25X4Wgvys+1RZYFMt47wo0ewbV3IhZKUnxOvhnrjd/u8l8n0EQBq+6cnA==",
      "cpu": [
        "x64"
      ],
      "optional": true,
      "os": [
        "darwin"
      ]
    },
    "node_modules/sst-linux-arm64": {
      "version": "3.4.30",
      "resolved": "https://registry.npmjs.org/sst-linux-arm64/-/sst-linux-arm64-3.4.30.tgz",
      "integrity": "sha512-HFPNJo8jxjGM1WTjMdkhUMC92wNapQlszUUx/zXEv4HBxNm1lneyGauplqHrAUtRERVKV6O9qZ7YW/n0IXoSCw==",
      "cpu": [
        "arm64"
      ],
      "optional": true,
      "os": [
        "linux"
      ]
    },
    "node_modules/sst-linux-x64": {
      "version": "3.4.30",
      "resolved": "https://registry.npmjs.org/sst-linux-x64/-/sst-linux-x64-3.4.30.tgz",
      "integrity": "sha512-ZyFrjmcvUz7qzZAn/qjW1Em1711Vb3ZO5UwDdgiv5MWV8XuMy9UvnG0WMrPtCqQqwrEexoZ3+WynLoUOLhoOgw==",
      "cpu": [
        "x64"
      ],
      "optional": true,
      "os": [
        "linux"
      ]
    },
    "node_modules/sst-linux-x86": {
      "version": "3.4.30",
      "resolved": "https://registry.npmjs.org/sst-linux-x86/-/sst-linux-x86-3.4.30.tgz",
      "integrity": "sha512-Merqvub35KcWZiIKrzCOPvv33HGVU+/iPQn+zZSkRJntkShAB4Z/wlR+tDQJsuNnH4oyRyXz/Ah4fSq4plEEmA==",
      "cpu": [
        "x86"
      ],
      "optional": true,
      "os": [
        "linux"
      ]
    }
  }
}
